
Microsoft Visual Studio Solution File, Format Version 12.00
# Visual Studio Version 16
VisualStudioVersion = 16.0.31019.35
MinimumVisualStudioVersion = 10.0.40219.1
Project("{D954291E-2A0B-460D-934E-DC6B0785DB48}") = "AndroidX.Browser.Fail.Shared", "AndroidX.Browser.Fail\AndroidX.Browser.Fail.Shared\AndroidX.Browser.Fail.Shared.shproj", "{6279C845-92F8-4333-AB99-3D213163593C}"
EndProject
Project("{2150E333-8FDC-42A3-9474-1A3956D46DE8}") = "Platforms", "Platforms", "{4B83DCB5-F467-459C-9FF9-DD1BFF1B530E}"
EndProject
Project("{FAE04EC0-301F-11D3-BF4B-00C04F79EFBC}") = "AndroidX.Browser.Fail.Droid", "AndroidX.Browser.Fail\AndroidX.Browser.Fail.Droid\AndroidX.Browser.Fail.Droid.csproj", "{665680CD-DAC4-4263-9883-1F7D3FE73BB7}"
EndProject
Project("{FAE04EC0-301F-11D3-BF4B-00C04F79EFBC}") = "AndroidX.Browser.Fail.iOS", "AndroidX.Browser.Fail\AndroidX.Browser.Fail.iOS\AndroidX.Browser.Fail.iOS.csproj", "{4E84C8FD-CFBB-41C3-916A-578A11BD6CF0}"
EndProject
Project("{FAE04EC0-301F-11D3-BF4B-00C04F79EFBC}") = "AndroidX.Browser.Fail.UWP", "AndroidX.Browser.Fail\AndroidX.Browser.Fail.UWP\AndroidX.Browser.Fail.UWP.csproj", "{6DEBA698-D1D7-421B-B14A-17E7FBD167CB}"
EndProject
Project("{FAE04EC0-301F-11D3-BF4B-00C04F79EFBC}") = "AndroidX.Browser.Fail.Wasm", "AndroidX.Browser.Fail\AndroidX.Browser.Fail.Wasm\AndroidX.Browser.Fail.Wasm.csproj", "{91A13B61-EAEF-4C12-95A2-06FF128967CF}"
EndProject
Project("{FAE04EC0-301F-11D3-BF4B-00C04F79EFBC}") = "AndroidX.Browser.Fail.macOS", "AndroidX.Browser.Fail\AndroidX.Browser.Fail.macOS\AndroidX.Browser.Fail.macOS.csproj", "{8D2FE197-7DD0-47B5-BC9F-2D82A6684B66}"
EndProject
Project("{FAE04EC0-301F-11D3-BF4B-00C04F79EFBC}") = "AndroidX.Browser.Fail.Skia.Wpf.Host", "AndroidX.Browser.Fail\AndroidX.Browser.Fail.Skia.Wpf.Host\AndroidX.Browser.Fail.Skia.Wpf.Host.csproj", "{E50FDEDB-8F20-40D9-8201-3BFCCB342B75}"
EndProject
Project("{FAE04EC0-301F-11D3-BF4B-00C04F79EFBC}") = "AndroidX.Browser.Fail.Skia.Wpf", "AndroidX.Browser.Fail\AndroidX.Browser.Fail.Skia.Wpf\AndroidX.Browser.Fail.Skia.Wpf.csproj", "{31D03164-07F7-4F56-9127-8F2280209FB9}"
EndProject
Project("{FAE04EC0-301F-11D3-BF4B-00C04F79EFBC}") = "AndroidX.Browser.Fail.Skia.Gtk", "AndroidX.Browser.Fail\AndroidX.Browser.Fail.Skia.Gtk\AndroidX.Browser.Fail.Skia.Gtk.csproj", "{41EE445A-1340-4C65-9DBB-1BD8F45BEBA0}"
EndProject
Project("{FAE04EC0-301F-11D3-BF4B-00C04F79EFBC}") = "AndroidX.Browser.Fail.Skia.Tizen", "AndroidX.Browser.Fail\AndroidX.Browser.Fail.Skia.Tizen\AndroidX.Browser.Fail.Skia.Tizen.csproj", "{F4AFAD53-936A-4354-80BE-CB0767EAC582}"
EndProject
Global
	GlobalSection(SharedMSBuildProjectFiles) = preSolution
		AndroidX.Browser.Fail\AndroidX.Browser.Fail.Shared\AndroidX.Browser.Fail.Shared.projitems*{31d03164-07f7-4f56-9127-8f2280209fb9}*SharedItemsImports = 5
		AndroidX.Browser.Fail\AndroidX.Browser.Fail.Shared\AndroidX.Browser.Fail.Shared.projitems*{41ee445a-1340-4c65-9dbb-1bd8f45beba0}*SharedItemsImports = 5
		AndroidX.Browser.Fail\AndroidX.Browser.Fail.Shared\AndroidX.Browser.Fail.Shared.projitems*{4e84c8fd-cfbb-41c3-916a-578a11bd6cf0}*SharedItemsImports = 4
		AndroidX.Browser.Fail\AndroidX.Browser.Fail.Shared\AndroidX.Browser.Fail.Shared.projitems*{6279c845-92f8-4333-ab99-3d213163593c}*SharedItemsImports = 13
		AndroidX.Browser.Fail\AndroidX.Browser.Fail.Shared\AndroidX.Browser.Fail.Shared.projitems*{665680cd-dac4-4263-9883-1f7d3fe73bb7}*SharedItemsImports = 4
		AndroidX.Browser.Fail\AndroidX.Browser.Fail.Shared\AndroidX.Browser.Fail.Shared.projitems*{6deba698-d1d7-421b-b14a-17e7fbd167cb}*SharedItemsImports = 4
		AndroidX.Browser.Fail\AndroidX.Browser.Fail.Shared\AndroidX.Browser.Fail.Shared.projitems*{8d2fe197-7dd0-47b5-bc9f-2d82a6684b66}*SharedItemsImports = 4
		AndroidX.Browser.Fail\AndroidX.Browser.Fail.Shared\AndroidX.Browser.Fail.Shared.projitems*{91a13b61-eaef-4c12-95a2-06ff128967cf}*SharedItemsImports = 5
		AndroidX.Browser.Fail\AndroidX.Browser.Fail.Shared\AndroidX.Browser.Fail.Shared.projitems*{f4afad53-936a-4354-80be-cb0767eac582}*SharedItemsImports = 5
	EndGlobalSection
	GlobalSection(SolutionConfigurationPlatforms) = preSolution
		Ad-Hoc|Any CPU = Ad-Hoc|Any CPU
		Ad-Hoc|ARM = Ad-Hoc|ARM
		Ad-Hoc|ARM64 = Ad-Hoc|ARM64
		Ad-Hoc|iPhone = Ad-Hoc|iPhone
		Ad-Hoc|iPhoneSimulator = Ad-Hoc|iPhoneSimulator
		Ad-Hoc|x64 = Ad-Hoc|x64
		Ad-Hoc|x86 = Ad-Hoc|x86
		AppStore|Any CPU = AppStore|Any CPU
		AppStore|ARM = AppStore|ARM
		AppStore|ARM64 = AppStore|ARM64
		AppStore|iPhone = AppStore|iPhone
		AppStore|iPhoneSimulator = AppStore|iPhoneSimulator
		AppStore|x64 = AppStore|x64
		AppStore|x86 = AppStore|x86
		Debug|Any CPU = Debug|Any CPU
		Debug|ARM = Debug|ARM
		Debug|ARM64 = Debug|ARM64
		Debug|iPhone = Debug|iPhone
		Debug|iPhoneSimulator = Debug|iPhoneSimulator
		Debug|x64 = Debug|x64
		Debug|x86 = Debug|x86
		Release|Any CPU = Release|Any CPU
		Release|ARM = Release|ARM
		Release|ARM64 = Release|ARM64
		Release|iPhone = Release|iPhone
		Release|iPhoneSimulator = Release|iPhoneSimulator
		Release|x64 = Release|x64
		Release|x86 = Release|x86
	EndGlobalSection
	GlobalSection(ProjectConfigurationPlatforms) = postSolution
		{665680CD-DAC4-4263-9883-1F7D3FE73BB7}.Ad-Hoc|Any CPU.ActiveCfg = Debug|Any CPU
		{665680CD-DAC4-4263-9883-1F7D3FE73BB7}.Ad-Hoc|Any CPU.Build.0 = Debug|Any CPU
		{665680CD-DAC4-4263-9883-1F7D3FE73BB7}.Ad-Hoc|Any CPU.Deploy.0 = Debug|Any CPU
		{665680CD-DAC4-4263-9883-1F7D3FE73BB7}.Ad-Hoc|ARM.ActiveCfg = Debug|Any CPU
		{665680CD-DAC4-4263-9883-1F7D3FE73BB7}.Ad-Hoc|ARM.Build.0 = Debug|Any CPU
		{665680CD-DAC4-4263-9883-1F7D3FE73BB7}.Ad-Hoc|ARM.Deploy.0 = Debug|Any CPU
		{665680CD-DAC4-4263-9883-1F7D3FE73BB7}.Ad-Hoc|ARM64.ActiveCfg = Debug|Any CPU
		{665680CD-DAC4-4263-9883-1F7D3FE73BB7}.Ad-Hoc|ARM64.Build.0 = Debug|Any CPU
		{665680CD-DAC4-4263-9883-1F7D3FE73BB7}.Ad-Hoc|ARM64.Deploy.0 = Debug|Any CPU
		{665680CD-DAC4-4263-9883-1F7D3FE73BB7}.Ad-Hoc|iPhone.ActiveCfg = Debug|Any CPU
		{665680CD-DAC4-4263-9883-1F7D3FE73BB7}.Ad-Hoc|iPhone.Build.0 = Debug|Any CPU
		{665680CD-DAC4-4263-9883-1F7D3FE73BB7}.Ad-Hoc|iPhone.Deploy.0 = Debug|Any CPU
		{665680CD-DAC4-4263-9883-1F7D3FE73BB7}.Ad-Hoc|iPhoneSimulator.ActiveCfg = Debug|Any CPU
		{665680CD-DAC4-4263-9883-1F7D3FE73BB7}.Ad-Hoc|iPhoneSimulator.Build.0 = Debug|Any CPU
		{665680CD-DAC4-4263-9883-1F7D3FE73BB7}.Ad-Hoc|iPhoneSimulator.Deploy.0 = Debug|Any CPU
		{665680CD-DAC4-4263-9883-1F7D3FE73BB7}.Ad-Hoc|x64.ActiveCfg = Debug|Any CPU
		{665680CD-DAC4-4263-9883-1F7D3FE73BB7}.Ad-Hoc|x64.Build.0 = Debug|Any CPU
		{665680CD-DAC4-4263-9883-1F7D3FE73BB7}.Ad-Hoc|x64.Deploy.0 = Debug|Any CPU
		{665680CD-DAC4-4263-9883-1F7D3FE73BB7}.Ad-Hoc|x86.ActiveCfg = Debug|Any CPU
		{665680CD-DAC4-4263-9883-1F7D3FE73BB7}.Ad-Hoc|x86.Build.0 = Debug|Any CPU
		{665680CD-DAC4-4263-9883-1F7D3FE73BB7}.Ad-Hoc|x86.Deploy.0 = Debug|Any CPU
		{665680CD-DAC4-4263-9883-1F7D3FE73BB7}.AppStore|Any CPU.ActiveCfg = Debug|Any CPU
		{665680CD-DAC4-4263-9883-1F7D3FE73BB7}.AppStore|Any CPU.Build.0 = Debug|Any CPU
		{665680CD-DAC4-4263-9883-1F7D3FE73BB7}.AppStore|Any CPU.Deploy.0 = Debug|Any CPU
		{665680CD-DAC4-4263-9883-1F7D3FE73BB7}.AppStore|ARM.ActiveCfg = Debug|Any CPU
		{665680CD-DAC4-4263-9883-1F7D3FE73BB7}.AppStore|ARM.Build.0 = Debug|Any CPU
		{665680CD-DAC4-4263-9883-1F7D3FE73BB7}.AppStore|ARM.Deploy.0 = Debug|Any CPU
		{665680CD-DAC4-4263-9883-1F7D3FE73BB7}.AppStore|ARM64.ActiveCfg = Debug|Any CPU
		{665680CD-DAC4-4263-9883-1F7D3FE73BB7}.AppStore|ARM64.Build.0 = Debug|Any CPU
		{665680CD-DAC4-4263-9883-1F7D3FE73BB7}.AppStore|ARM64.Deploy.0 = Debug|Any CPU
		{665680CD-DAC4-4263-9883-1F7D3FE73BB7}.AppStore|iPhone.ActiveCfg = Debug|Any CPU
		{665680CD-DAC4-4263-9883-1F7D3FE73BB7}.AppStore|iPhone.Build.0 = Debug|Any CPU
		{665680CD-DAC4-4263-9883-1F7D3FE73BB7}.AppStore|iPhone.Deploy.0 = Debug|Any CPU
		{665680CD-DAC4-4263-9883-1F7D3FE73BB7}.AppStore|iPhoneSimulator.ActiveCfg = Debug|Any CPU
		{665680CD-DAC4-4263-9883-1F7D3FE73BB7}.AppStore|iPhoneSimulator.Build.0 = Debug|Any CPU
		{665680CD-DAC4-4263-9883-1F7D3FE73BB7}.AppStore|iPhoneSimulator.Deploy.0 = Debug|Any CPU
		{665680CD-DAC4-4263-9883-1F7D3FE73BB7}.AppStore|x64.ActiveCfg = Debug|Any CPU
		{665680CD-DAC4-4263-9883-1F7D3FE73BB7}.AppStore|x64.Build.0 = Debug|Any CPU
		{665680CD-DAC4-4263-9883-1F7D3FE73BB7}.AppStore|x64.Deploy.0 = Debug|Any CPU
		{665680CD-DAC4-4263-9883-1F7D3FE73BB7}.AppStore|x86.ActiveCfg = Debug|Any CPU
		{665680CD-DAC4-4263-9883-1F7D3FE73BB7}.AppStore|x86.Build.0 = Debug|Any CPU
		{665680CD-DAC4-4263-9883-1F7D3FE73BB7}.AppStore|x86.Deploy.0 = Debug|Any CPU
		{665680CD-DAC4-4263-9883-1F7D3FE73BB7}.Debug|Any CPU.ActiveCfg = Debug|Any CPU
		{665680CD-DAC4-4263-9883-1F7D3FE73BB7}.Debug|Any CPU.Build.0 = Debug|Any CPU
		{665680CD-DAC4-4263-9883-1F7D3FE73BB7}.Debug|Any CPU.Deploy.0 = Debug|Any CPU
		{665680CD-DAC4-4263-9883-1F7D3FE73BB7}.Debug|ARM.ActiveCfg = Debug|Any CPU
		{665680CD-DAC4-4263-9883-1F7D3FE73BB7}.Debug|ARM.Build.0 = Debug|Any CPU
		{665680CD-DAC4-4263-9883-1F7D3FE73BB7}.Debug|ARM.Deploy.0 = Debug|Any CPU
		{665680CD-DAC4-4263-9883-1F7D3FE73BB7}.Debug|ARM64.ActiveCfg = Debug|Any CPU
		{665680CD-DAC4-4263-9883-1F7D3FE73BB7}.Debug|ARM64.Build.0 = Debug|Any CPU
		{665680CD-DAC4-4263-9883-1F7D3FE73BB7}.Debug|ARM64.Deploy.0 = Debug|Any CPU
		{665680CD-DAC4-4263-9883-1F7D3FE73BB7}.Debug|iPhone.ActiveCfg = Debug|Any CPU
		{665680CD-DAC4-4263-9883-1F7D3FE73BB7}.Debug|iPhone.Build.0 = Debug|Any CPU
		{665680CD-DAC4-4263-9883-1F7D3FE73BB7}.Debug|iPhone.Deploy.0 = Debug|Any CPU
		{665680CD-DAC4-4263-9883-1F7D3FE73BB7}.Debug|iPhoneSimulator.ActiveCfg = Debug|Any CPU
		{665680CD-DAC4-4263-9883-1F7D3FE73BB7}.Debug|iPhoneSimulator.Build.0 = Debug|Any CPU
		{665680CD-DAC4-4263-9883-1F7D3FE73BB7}.Debug|iPhoneSimulator.Deploy.0 = Debug|Any CPU
		{665680CD-DAC4-4263-9883-1F7D3FE73BB7}.Debug|x64.ActiveCfg = Debug|Any CPU
		{665680CD-DAC4-4263-9883-1F7D3FE73BB7}.Debug|x64.Build.0 = Debug|Any CPU
		{665680CD-DAC4-4263-9883-1F7D3FE73BB7}.Debug|x64.Deploy.0 = Debug|Any CPU
		{665680CD-DAC4-4263-9883-1F7D3FE73BB7}.Debug|x86.ActiveCfg = Debug|Any CPU
		{665680CD-DAC4-4263-9883-1F7D3FE73BB7}.Debug|x86.Build.0 = Debug|Any CPU
		{665680CD-DAC4-4263-9883-1F7D3FE73BB7}.Debug|x86.Deploy.0 = Debug|Any CPU
		{665680CD-DAC4-4263-9883-1F7D3FE73BB7}.Release|Any CPU.ActiveCfg = Release|Any CPU
		{665680CD-DAC4-4263-9883-1F7D3FE73BB7}.Release|Any CPU.Build.0 = Release|Any CPU
		{665680CD-DAC4-4263-9883-1F7D3FE73BB7}.Release|Any CPU.Deploy.0 = Release|Any CPU
		{665680CD-DAC4-4263-9883-1F7D3FE73BB7}.Release|ARM.ActiveCfg = Release|Any CPU
		{665680CD-DAC4-4263-9883-1F7D3FE73BB7}.Release|ARM.Build.0 = Release|Any CPU
		{665680CD-DAC4-4263-9883-1F7D3FE73BB7}.Release|ARM.Deploy.0 = Release|Any CPU
		{665680CD-DAC4-4263-9883-1F7D3FE73BB7}.Release|ARM64.ActiveCfg = Release|Any CPU
		{665680CD-DAC4-4263-9883-1F7D3FE73BB7}.Release|ARM64.Build.0 = Release|Any CPU
		{665680CD-DAC4-4263-9883-1F7D3FE73BB7}.Release|ARM64.Deploy.0 = Release|Any CPU
		{665680CD-DAC4-4263-9883-1F7D3FE73BB7}.Release|iPhone.ActiveCfg = Release|Any CPU
		{665680CD-DAC4-4263-9883-1F7D3FE73BB7}.Release|iPhone.Build.0 = Release|Any CPU
		{665680CD-DAC4-4263-9883-1F7D3FE73BB7}.Release|iPhone.Deploy.0 = Release|Any CPU
		{665680CD-DAC4-4263-9883-1F7D3FE73BB7}.Release|iPhoneSimulator.ActiveCfg = Release|Any CPU
		{665680CD-DAC4-4263-9883-1F7D3FE73BB7}.Release|iPhoneSimulator.Build.0 = Release|Any CPU
		{665680CD-DAC4-4263-9883-1F7D3FE73BB7}.Release|iPhoneSimulator.Deploy.0 = Release|Any CPU
		{665680CD-DAC4-4263-9883-1F7D3FE73BB7}.Release|x64.ActiveCfg = Release|Any CPU
		{665680CD-DAC4-4263-9883-1F7D3FE73BB7}.Release|x64.Build.0 = Release|Any CPU
		{665680CD-DAC4-4263-9883-1F7D3FE73BB7}.Release|x64.Deploy.0 = Release|Any CPU
		{665680CD-DAC4-4263-9883-1F7D3FE73BB7}.Release|x86.ActiveCfg = Release|Any CPU
		{665680CD-DAC4-4263-9883-1F7D3FE73BB7}.Release|x86.Build.0 = Release|Any CPU
		{665680CD-DAC4-4263-9883-1F7D3FE73BB7}.Release|x86.Deploy.0 = Release|Any CPU
		{4E84C8FD-CFBB-41C3-916A-578A11BD6CF0}.Ad-Hoc|Any CPU.ActiveCfg = Ad-Hoc|iPhoneSimulator
		{4E84C8FD-CFBB-41C3-916A-578A11BD6CF0}.Ad-Hoc|ARM.ActiveCfg = Ad-Hoc|iPhoneSimulator
		{4E84C8FD-CFBB-41C3-916A-578A11BD6CF0}.Ad-Hoc|ARM64.ActiveCfg = Ad-Hoc|iPhoneSimulator
		{4E84C8FD-CFBB-41C3-916A-578A11BD6CF0}.Ad-Hoc|iPhone.ActiveCfg = Ad-Hoc|iPhone
		{4E84C8FD-CFBB-41C3-916A-578A11BD6CF0}.Ad-Hoc|iPhone.Build.0 = Ad-Hoc|iPhone
		{4E84C8FD-CFBB-41C3-916A-578A11BD6CF0}.Ad-Hoc|iPhoneSimulator.ActiveCfg = Ad-Hoc|iPhoneSimulator
		{4E84C8FD-CFBB-41C3-916A-578A11BD6CF0}.Ad-Hoc|iPhoneSimulator.Build.0 = Ad-Hoc|iPhoneSimulator
		{4E84C8FD-CFBB-41C3-916A-578A11BD6CF0}.Ad-Hoc|x64.ActiveCfg = Ad-Hoc|iPhoneSimulator
		{4E84C8FD-CFBB-41C3-916A-578A11BD6CF0}.Ad-Hoc|x86.ActiveCfg = Ad-Hoc|iPhoneSimulator
		{4E84C8FD-CFBB-41C3-916A-578A11BD6CF0}.AppStore|Any CPU.ActiveCfg = AppStore|iPhoneSimulator
		{4E84C8FD-CFBB-41C3-916A-578A11BD6CF0}.AppStore|ARM.ActiveCfg = AppStore|iPhoneSimulator
		{4E84C8FD-CFBB-41C3-916A-578A11BD6CF0}.AppStore|ARM64.ActiveCfg = AppStore|iPhoneSimulator
		{4E84C8FD-CFBB-41C3-916A-578A11BD6CF0}.AppStore|iPhone.ActiveCfg = AppStore|iPhone
		{4E84C8FD-CFBB-41C3-916A-578A11BD6CF0}.AppStore|iPhone.Build.0 = AppStore|iPhone
		{4E84C8FD-CFBB-41C3-916A-578A11BD6CF0}.AppStore|iPhoneSimulator.ActiveCfg = AppStore|iPhoneSimulator
		{4E84C8FD-CFBB-41C3-916A-578A11BD6CF0}.AppStore|iPhoneSimulator.Build.0 = AppStore|iPhoneSimulator
		{4E84C8FD-CFBB-41C3-916A-578A11BD6CF0}.AppStore|x64.ActiveCfg = AppStore|iPhoneSimulator
		{4E84C8FD-CFBB-41C3-916A-578A11BD6CF0}.AppStore|x86.ActiveCfg = AppStore|iPhoneSimulator
		{4E84C8FD-CFBB-41C3-916A-578A11BD6CF0}.Debug|Any CPU.ActiveCfg = Debug|iPhoneSimulator
		{4E84C8FD-CFBB-41C3-916A-578A11BD6CF0}.Debug|ARM.ActiveCfg = Debug|iPhoneSimulator
		{4E84C8FD-CFBB-41C3-916A-578A11BD6CF0}.Debug|ARM64.ActiveCfg = Debug|iPhoneSimulator
		{4E84C8FD-CFBB-41C3-916A-578A11BD6CF0}.Debug|iPhone.ActiveCfg = Debug|iPhone
		{4E84C8FD-CFBB-41C3-916A-578A11BD6CF0}.Debug|iPhone.Build.0 = Debug|iPhone
		{4E84C8FD-CFBB-41C3-916A-578A11BD6CF0}.Debug|iPhoneSimulator.ActiveCfg = Debug|iPhoneSimulator
		{4E84C8FD-CFBB-41C3-916A-578A11BD6CF0}.Debug|iPhoneSimulator.Build.0 = Debug|iPhoneSimulator
		{4E84C8FD-CFBB-41C3-916A-578A11BD6CF0}.Debug|x64.ActiveCfg = Debug|iPhoneSimulator
		{4E84C8FD-CFBB-41C3-916A-578A11BD6CF0}.Debug|x86.ActiveCfg = Debug|iPhoneSimulator
		{4E84C8FD-CFBB-41C3-916A-578A11BD6CF0}.Release|Any CPU.ActiveCfg = Release|iPhoneSimulator
		{4E84C8FD-CFBB-41C3-916A-578A11BD6CF0}.Release|ARM.ActiveCfg = Release|iPhoneSimulator
		{4E84C8FD-CFBB-41C3-916A-578A11BD6CF0}.Release|ARM64.ActiveCfg = Release|iPhoneSimulator
		{4E84C8FD-CFBB-41C3-916A-578A11BD6CF0}.Release|iPhone.ActiveCfg = Release|iPhone
		{4E84C8FD-CFBB-41C3-916A-578A11BD6CF0}.Release|iPhone.Build.0 = Release|iPhone
		{4E84C8FD-CFBB-41C3-916A-578A11BD6CF0}.Release|iPhoneSimulator.ActiveCfg = Release|iPhoneSimulator
		{4E84C8FD-CFBB-41C3-916A-578A11BD6CF0}.Release|iPhoneSimulator.Build.0 = Release|iPhoneSimulator
		{4E84C8FD-CFBB-41C3-916A-578A11BD6CF0}.Release|x64.ActiveCfg = Release|iPhoneSimulator
		{4E84C8FD-CFBB-41C3-916A-578A11BD6CF0}.Release|x86.ActiveCfg = Release|iPhoneSimulator
		{6DEBA698-D1D7-421B-B14A-17E7FBD167CB}.Ad-Hoc|Any CPU.ActiveCfg = Debug|x86
		{6DEBA698-D1D7-421B-B14A-17E7FBD167CB}.Ad-Hoc|Any CPU.Build.0 = Debug|x86
		{6DEBA698-D1D7-421B-B14A-17E7FBD167CB}.Ad-Hoc|Any CPU.Deploy.0 = Debug|x86
		{6DEBA698-D1D7-421B-B14A-17E7FBD167CB}.Ad-Hoc|ARM.ActiveCfg = Debug|ARM
		{6DEBA698-D1D7-421B-B14A-17E7FBD167CB}.Ad-Hoc|ARM.Build.0 = Debug|ARM
		{6DEBA698-D1D7-421B-B14A-17E7FBD167CB}.Ad-Hoc|ARM.Deploy.0 = Debug|ARM
		{6DEBA698-D1D7-421B-B14A-17E7FBD167CB}.Ad-Hoc|ARM64.ActiveCfg = Debug|ARM64
		{6DEBA698-D1D7-421B-B14A-17E7FBD167CB}.Ad-Hoc|ARM64.Build.0 = Debug|ARM64
		{6DEBA698-D1D7-421B-B14A-17E7FBD167CB}.Ad-Hoc|ARM64.Deploy.0 = Debug|ARM64
		{6DEBA698-D1D7-421B-B14A-17E7FBD167CB}.Ad-Hoc|iPhone.ActiveCfg = Debug|x86
		{6DEBA698-D1D7-421B-B14A-17E7FBD167CB}.Ad-Hoc|iPhone.Build.0 = Debug|x86
		{6DEBA698-D1D7-421B-B14A-17E7FBD167CB}.Ad-Hoc|iPhone.Deploy.0 = Debug|x86
		{6DEBA698-D1D7-421B-B14A-17E7FBD167CB}.Ad-Hoc|iPhoneSimulator.ActiveCfg = Debug|x86
		{6DEBA698-D1D7-421B-B14A-17E7FBD167CB}.Ad-Hoc|iPhoneSimulator.Build.0 = Debug|x86
		{6DEBA698-D1D7-421B-B14A-17E7FBD167CB}.Ad-Hoc|iPhoneSimulator.Deploy.0 = Debug|x86
		{6DEBA698-D1D7-421B-B14A-17E7FBD167CB}.Ad-Hoc|x64.ActiveCfg = Debug|x64
		{6DEBA698-D1D7-421B-B14A-17E7FBD167CB}.Ad-Hoc|x64.Build.0 = Debug|x64
		{6DEBA698-D1D7-421B-B14A-17E7FBD167CB}.Ad-Hoc|x64.Deploy.0 = Debug|x64
		{6DEBA698-D1D7-421B-B14A-17E7FBD167CB}.Ad-Hoc|x86.ActiveCfg = Debug|x86
		{6DEBA698-D1D7-421B-B14A-17E7FBD167CB}.Ad-Hoc|x86.Build.0 = Debug|x86
		{6DEBA698-D1D7-421B-B14A-17E7FBD167CB}.Ad-Hoc|x86.Deploy.0 = Debug|x86
		{6DEBA698-D1D7-421B-B14A-17E7FBD167CB}.AppStore|Any CPU.ActiveCfg = Debug|x86
		{6DEBA698-D1D7-421B-B14A-17E7FBD167CB}.AppStore|Any CPU.Build.0 = Debug|x86
		{6DEBA698-D1D7-421B-B14A-17E7FBD167CB}.AppStore|Any CPU.Deploy.0 = Debug|x86
		{6DEBA698-D1D7-421B-B14A-17E7FBD167CB}.AppStore|ARM.ActiveCfg = Debug|ARM
		{6DEBA698-D1D7-421B-B14A-17E7FBD167CB}.AppStore|ARM.Build.0 = Debug|ARM
		{6DEBA698-D1D7-421B-B14A-17E7FBD167CB}.AppStore|ARM.Deploy.0 = Debug|ARM
		{6DEBA698-D1D7-421B-B14A-17E7FBD167CB}.AppStore|ARM64.ActiveCfg = Debug|ARM64
		{6DEBA698-D1D7-421B-B14A-17E7FBD167CB}.AppStore|ARM64.Build.0 = Debug|ARM64
		{6DEBA698-D1D7-421B-B14A-17E7FBD167CB}.AppStore|ARM64.Deploy.0 = Debug|ARM64
		{6DEBA698-D1D7-421B-B14A-17E7FBD167CB}.AppStore|iPhone.ActiveCfg = Debug|x86
		{6DEBA698-D1D7-421B-B14A-17E7FBD167CB}.AppStore|iPhone.Build.0 = Debug|x86
		{6DEBA698-D1D7-421B-B14A-17E7FBD167CB}.AppStore|iPhone.Deploy.0 = Debug|x86
		{6DEBA698-D1D7-421B-B14A-17E7FBD167CB}.AppStore|iPhoneSimulator.ActiveCfg = Debug|x86
		{6DEBA698-D1D7-421B-B14A-17E7FBD167CB}.AppStore|iPhoneSimulator.Build.0 = Debug|x86
		{6DEBA698-D1D7-421B-B14A-17E7FBD167CB}.AppStore|iPhoneSimulator.Deploy.0 = Debug|x86
		{6DEBA698-D1D7-421B-B14A-17E7FBD167CB}.AppStore|x64.ActiveCfg = Debug|x64
		{6DEBA698-D1D7-421B-B14A-17E7FBD167CB}.AppStore|x64.Build.0 = Debug|x64
		{6DEBA698-D1D7-421B-B14A-17E7FBD167CB}.AppStore|x64.Deploy.0 = Debug|x64
		{6DEBA698-D1D7-421B-B14A-17E7FBD167CB}.AppStore|x86.ActiveCfg = Debug|x86
		{6DEBA698-D1D7-421B-B14A-17E7FBD167CB}.AppStore|x86.Build.0 = Debug|x86
		{6DEBA698-D1D7-421B-B14A-17E7FBD167CB}.AppStore|x86.Deploy.0 = Debug|x86
		{6DEBA698-D1D7-421B-B14A-17E7FBD167CB}.Debug|Any CPU.ActiveCfg = Debug|x86
		{6DEBA698-D1D7-421B-B14A-17E7FBD167CB}.Debug|Any CPU.Build.0 = Debug|x86
		{6DEBA698-D1D7-421B-B14A-17E7FBD167CB}.Debug|Any CPU.Deploy.0 = Debug|x86
		{6DEBA698-D1D7-421B-B14A-17E7FBD167CB}.Debug|ARM.ActiveCfg = Debug|ARM
		{6DEBA698-D1D7-421B-B14A-17E7FBD167CB}.Debug|ARM.Build.0 = Debug|ARM
		{6DEBA698-D1D7-421B-B14A-17E7FBD167CB}.Debug|ARM.Deploy.0 = Debug|ARM
		{6DEBA698-D1D7-421B-B14A-17E7FBD167CB}.Debug|ARM64.ActiveCfg = Debug|ARM64
		{6DEBA698-D1D7-421B-B14A-17E7FBD167CB}.Debug|ARM64.Build.0 = Debug|ARM64
		{6DEBA698-D1D7-421B-B14A-17E7FBD167CB}.Debug|ARM64.Deploy.0 = Debug|ARM64
		{6DEBA698-D1D7-421B-B14A-17E7FBD167CB}.Debug|iPhone.ActiveCfg = Debug|x86
		{6DEBA698-D1D7-421B-B14A-17E7FBD167CB}.Debug|iPhoneSimulator.ActiveCfg = Debug|x86
		{6DEBA698-D1D7-421B-B14A-17E7FBD167CB}.Debug|x64.ActiveCfg = Debug|x64
		{6DEBA698-D1D7-421B-B14A-17E7FBD167CB}.Debug|x64.Build.0 = Debug|x64
		{6DEBA698-D1D7-421B-B14A-17E7FBD167CB}.Debug|x64.Deploy.0 = Debug|x64
		{6DEBA698-D1D7-421B-B14A-17E7FBD167CB}.Debug|x86.ActiveCfg = Debug|x86
		{6DEBA698-D1D7-421B-B14A-17E7FBD167CB}.Debug|x86.Build.0 = Debug|x86
		{6DEBA698-D1D7-421B-B14A-17E7FBD167CB}.Debug|x86.Deploy.0 = Debug|x86
		{6DEBA698-D1D7-421B-B14A-17E7FBD167CB}.Release|Any CPU.ActiveCfg = Release|x86
		{6DEBA698-D1D7-421B-B14A-17E7FBD167CB}.Release|ARM.ActiveCfg = Release|ARM
		{6DEBA698-D1D7-421B-B14A-17E7FBD167CB}.Release|ARM.Build.0 = Release|ARM
		{6DEBA698-D1D7-421B-B14A-17E7FBD167CB}.Release|ARM.Deploy.0 = Release|ARM
		{6DEBA698-D1D7-421B-B14A-17E7FBD167CB}.Release|ARM64.ActiveCfg = Release|ARM64
		{6DEBA698-D1D7-421B-B14A-17E7FBD167CB}.Release|ARM64.Build.0 = Release|ARM64
		{6DEBA698-D1D7-421B-B14A-17E7FBD167CB}.Release|ARM64.Deploy.0 = Release|ARM64
		{6DEBA698-D1D7-421B-B14A-17E7FBD167CB}.Release|iPhone.ActiveCfg = Release|x86
		{6DEBA698-D1D7-421B-B14A-17E7FBD167CB}.Release|iPhoneSimulator.ActiveCfg = Release|x86
		{6DEBA698-D1D7-421B-B14A-17E7FBD167CB}.Release|x64.ActiveCfg = Release|x64
		{6DEBA698-D1D7-421B-B14A-17E7FBD167CB}.Release|x64.Build.0 = Release|x64
		{6DEBA698-D1D7-421B-B14A-17E7FBD167CB}.Release|x64.Deploy.0 = Release|x64
		{6DEBA698-D1D7-421B-B14A-17E7FBD167CB}.Release|x86.ActiveCfg = Release|x86
		{6DEBA698-D1D7-421B-B14A-17E7FBD167CB}.Release|x86.Build.0 = Release|x86
		{6DEBA698-D1D7-421B-B14A-17E7FBD167CB}.Release|x86.Deploy.0 = Release|x86
		{91A13B61-EAEF-4C12-95A2-06FF128967CF}.Ad-Hoc|Any CPU.ActiveCfg = Debug|Any CPU
		{91A13B61-EAEF-4C12-95A2-06FF128967CF}.Ad-Hoc|Any CPU.Build.0 = Debug|Any CPU
		{91A13B61-EAEF-4C12-95A2-06FF128967CF}.Ad-Hoc|ARM.ActiveCfg = Debug|Any CPU
		{91A13B61-EAEF-4C12-95A2-06FF128967CF}.Ad-Hoc|ARM.Build.0 = Debug|Any CPU
		{91A13B61-EAEF-4C12-95A2-06FF128967CF}.Ad-Hoc|ARM64.ActiveCfg = Debug|Any CPU
		{91A13B61-EAEF-4C12-95A2-06FF128967CF}.Ad-Hoc|ARM64.Build.0 = Debug|Any CPU
		{91A13B61-EAEF-4C12-95A2-06FF128967CF}.Ad-Hoc|iPhone.ActiveCfg = Debug|Any CPU
		{91A13B61-EAEF-4C12-95A2-06FF128967CF}.Ad-Hoc|iPhone.Build.0 = Debug|Any CPU
		{91A13B61-EAEF-4C12-95A2-06FF128967CF}.Ad-Hoc|iPhoneSimulator.ActiveCfg = Debug|Any CPU
		{91A13B61-EAEF-4C12-95A2-06FF128967CF}.Ad-Hoc|iPhoneSimulator.Build.0 = Debug|Any CPU
		{91A13B61-EAEF-4C12-95A2-06FF128967CF}.Ad-Hoc|x64.ActiveCfg = Debug|Any CPU
		{91A13B61-EAEF-4C12-95A2-06FF128967CF}.Ad-Hoc|x64.Build.0 = Debug|Any CPU
		{91A13B61-EAEF-4C12-95A2-06FF128967CF}.Ad-Hoc|x86.ActiveCfg = Debug|Any CPU
		{91A13B61-EAEF-4C12-95A2-06FF128967CF}.Ad-Hoc|x86.Build.0 = Debug|Any CPU
		{91A13B61-EAEF-4C12-95A2-06FF128967CF}.AppStore|Any CPU.ActiveCfg = Debug|Any CPU
		{91A13B61-EAEF-4C12-95A2-06FF128967CF}.AppStore|Any CPU.Build.0 = Debug|Any CPU
		{91A13B61-EAEF-4C12-95A2-06FF128967CF}.AppStore|ARM.ActiveCfg = Debug|Any CPU
		{91A13B61-EAEF-4C12-95A2-06FF128967CF}.AppStore|ARM.Build.0 = Debug|Any CPU
		{91A13B61-EAEF-4C12-95A2-06FF128967CF}.AppStore|ARM64.ActiveCfg = Debug|Any CPU
		{91A13B61-EAEF-4C12-95A2-06FF128967CF}.AppStore|ARM64.Build.0 = Debug|Any CPU
		{91A13B61-EAEF-4C12-95A2-06FF128967CF}.AppStore|iPhone.ActiveCfg = Debug|Any CPU
		{91A13B61-EAEF-4C12-95A2-06FF128967CF}.AppStore|iPhone.Build.0 = Debug|Any CPU
		{91A13B61-EAEF-4C12-95A2-06FF128967CF}.AppStore|iPhoneSimulator.ActiveCfg = Debug|Any CPU
		{91A13B61-EAEF-4C12-95A2-06FF128967CF}.AppStore|iPhoneSimulator.Build.0 = Debug|Any CPU
		{91A13B61-EAEF-4C12-95A2-06FF128967CF}.AppStore|x64.ActiveCfg = Debug|Any CPU
		{91A13B61-EAEF-4C12-95A2-06FF128967CF}.AppStore|x64.Build.0 = Debug|Any CPU
		{91A13B61-EAEF-4C12-95A2-06FF128967CF}.AppStore|x86.ActiveCfg = Debug|Any CPU
		{91A13B61-EAEF-4C12-95A2-06FF128967CF}.AppStore|x86.Build.0 = Debug|Any CPU
		{91A13B61-EAEF-4C12-95A2-06FF128967CF}.Debug|Any CPU.ActiveCfg = Debug|Any CPU
		{91A13B61-EAEF-4C12-95A2-06FF128967CF}.Debug|Any CPU.Build.0 = Debug|Any CPU
		{91A13B61-EAEF-4C12-95A2-06FF128967CF}.Debug|ARM.ActiveCfg = Debug|Any CPU
		{91A13B61-EAEF-4C12-95A2-06FF128967CF}.Debug|ARM.Build.0 = Debug|Any CPU
		{91A13B61-EAEF-4C12-95A2-06FF128967CF}.Debug|ARM64.ActiveCfg = Debug|Any CPU
		{91A13B61-EAEF-4C12-95A2-06FF128967CF}.Debug|ARM64.Build.0 = Debug|Any CPU
		{91A13B61-EAEF-4C12-95A2-06FF128967CF}.Debug|iPhone.ActiveCfg = Debug|Any CPU
		{91A13B61-EAEF-4C12-95A2-06FF128967CF}.Debug|iPhone.Build.0 = Debug|Any CPU
		{91A13B61-EAEF-4C12-95A2-06FF128967CF}.Debug|iPhoneSimulator.ActiveCfg = Debug|Any CPU
		{91A13B61-EAEF-4C12-95A2-06FF128967CF}.Debug|iPhoneSimulator.Build.0 = Debug|Any CPU
		{91A13B61-EAEF-4C12-95A2-06FF128967CF}.Debug|x64.ActiveCfg = Debug|Any CPU
		{91A13B61-EAEF-4C12-95A2-06FF128967CF}.Debug|x64.Build.0 = Debug|Any CPU
		{91A13B61-EAEF-4C12-95A2-06FF128967CF}.Debug|x86.ActiveCfg = Debug|Any CPU
		{91A13B61-EAEF-4C12-95A2-06FF128967CF}.Debug|x86.Build.0 = Debug|Any CPU
		{91A13B61-EAEF-4C12-95A2-06FF128967CF}.Release|Any CPU.ActiveCfg = Release|Any CPU
		{91A13B61-EAEF-4C12-95A2-06FF128967CF}.Release|Any CPU.Build.0 = Release|Any CPU
		{91A13B61-EAEF-4C12-95A2-06FF128967CF}.Release|ARM.ActiveCfg = Release|Any CPU
		{91A13B61-EAEF-4C12-95A2-06FF128967CF}.Release|ARM.Build.0 = Release|Any CPU
		{91A13B61-EAEF-4C12-95A2-06FF128967CF}.Release|ARM64.ActiveCfg = Release|Any CPU
		{91A13B61-EAEF-4C12-95A2-06FF128967CF}.Release|ARM64.Build.0 = Release|Any CPU
		{91A13B61-EAEF-4C12-95A2-06FF128967CF}.Release|iPhone.ActiveCfg = Release|Any CPU
		{91A13B61-EAEF-4C12-95A2-06FF128967CF}.Release|iPhone.Build.0 = Release|Any CPU
		{91A13B61-EAEF-4C12-95A2-06FF128967CF}.Release|iPhoneSimulator.ActiveCfg = Release|Any CPU
		{91A13B61-EAEF-4C12-95A2-06FF128967CF}.Release|iPhoneSimulator.Build.0 = Release|Any CPU
		{91A13B61-EAEF-4C12-95A2-06FF128967CF}.Release|x64.ActiveCfg = Release|Any CPU
		{91A13B61-EAEF-4C12-95A2-06FF128967CF}.Release|x64.Build.0 = Release|Any CPU
		{91A13B61-EAEF-4C12-95A2-06FF128967CF}.Release|x86.ActiveCfg = Release|Any CPU
		{91A13B61-EAEF-4C12-95A2-06FF128967CF}.Release|x86.Build.0 = Release|Any CPU
		{8D2FE197-7DD0-47B5-BC9F-2D82A6684B66}.Ad-Hoc|Any CPU.ActiveCfg = Debug|iPhoneSimulator
		{8D2FE197-7DD0-47B5-BC9F-2D82A6684B66}.Ad-Hoc|Any CPU.Build.0 = Debug|iPhoneSimulator
		{8D2FE197-7DD0-47B5-BC9F-2D82A6684B66}.Ad-Hoc|ARM.ActiveCfg = Debug|iPhoneSimulator
		{8D2FE197-7DD0-47B5-BC9F-2D82A6684B66}.Ad-Hoc|ARM.Build.0 = Debug|iPhoneSimulator
		{8D2FE197-7DD0-47B5-BC9F-2D82A6684B66}.Ad-Hoc|ARM64.ActiveCfg = Debug|iPhoneSimulator
		{8D2FE197-7DD0-47B5-BC9F-2D82A6684B66}.Ad-Hoc|ARM64.Build.0 = Debug|iPhoneSimulator
		{8D2FE197-7DD0-47B5-BC9F-2D82A6684B66}.Ad-Hoc|iPhone.ActiveCfg = Debug|iPhoneSimulator
		{8D2FE197-7DD0-47B5-BC9F-2D82A6684B66}.Ad-Hoc|iPhone.Build.0 = Debug|iPhoneSimulator
		{8D2FE197-7DD0-47B5-BC9F-2D82A6684B66}.Ad-Hoc|iPhoneSimulator.ActiveCfg = Debug|iPhoneSimulator
		{8D2FE197-7DD0-47B5-BC9F-2D82A6684B66}.Ad-Hoc|iPhoneSimulator.Build.0 = Debug|iPhoneSimulator
		{8D2FE197-7DD0-47B5-BC9F-2D82A6684B66}.Ad-Hoc|x64.ActiveCfg = Debug|iPhoneSimulator
		{8D2FE197-7DD0-47B5-BC9F-2D82A6684B66}.Ad-Hoc|x64.Build.0 = Debug|iPhoneSimulator
		{8D2FE197-7DD0-47B5-BC9F-2D82A6684B66}.Ad-Hoc|x86.ActiveCfg = Debug|iPhoneSimulator
		{8D2FE197-7DD0-47B5-BC9F-2D82A6684B66}.Ad-Hoc|x86.Build.0 = Debug|iPhoneSimulator
		{8D2FE197-7DD0-47B5-BC9F-2D82A6684B66}.AppStore|Any CPU.ActiveCfg = Debug|iPhoneSimulator
		{8D2FE197-7DD0-47B5-BC9F-2D82A6684B66}.AppStore|Any CPU.Build.0 = Debug|iPhoneSimulator
		{8D2FE197-7DD0-47B5-BC9F-2D82A6684B66}.AppStore|ARM.ActiveCfg = Debug|iPhoneSimulator
		{8D2FE197-7DD0-47B5-BC9F-2D82A6684B66}.AppStore|ARM.Build.0 = Debug|iPhoneSimulator
		{8D2FE197-7DD0-47B5-BC9F-2D82A6684B66}.AppStore|ARM64.ActiveCfg = Debug|iPhoneSimulator
		{8D2FE197-7DD0-47B5-BC9F-2D82A6684B66}.AppStore|ARM64.Build.0 = Debug|iPhoneSimulator
		{8D2FE197-7DD0-47B5-BC9F-2D82A6684B66}.AppStore|iPhone.ActiveCfg = Debug|iPhoneSimulator
		{8D2FE197-7DD0-47B5-BC9F-2D82A6684B66}.AppStore|iPhone.Build.0 = Debug|iPhoneSimulator
		{8D2FE197-7DD0-47B5-BC9F-2D82A6684B66}.AppStore|iPhoneSimulator.ActiveCfg = Debug|iPhoneSimulator
		{8D2FE197-7DD0-47B5-BC9F-2D82A6684B66}.AppStore|iPhoneSimulator.Build.0 = Debug|iPhoneSimulator
		{8D2FE197-7DD0-47B5-BC9F-2D82A6684B66}.AppStore|x64.ActiveCfg = Debug|iPhoneSimulator
		{8D2FE197-7DD0-47B5-BC9F-2D82A6684B66}.AppStore|x64.Build.0 = Debug|iPhoneSimulator
		{8D2FE197-7DD0-47B5-BC9F-2D82A6684B66}.AppStore|x86.ActiveCfg = Debug|iPhoneSimulator
		{8D2FE197-7DD0-47B5-BC9F-2D82A6684B66}.AppStore|x86.Build.0 = Debug|iPhoneSimulator
		{8D2FE197-7DD0-47B5-BC9F-2D82A6684B66}.Debug|Any CPU.ActiveCfg = Debug|iPhoneSimulator
		{8D2FE197-7DD0-47B5-BC9F-2D82A6684B66}.Debug|ARM.ActiveCfg = Debug|iPhoneSimulator
		{8D2FE197-7DD0-47B5-BC9F-2D82A6684B66}.Debug|ARM64.ActiveCfg = Debug|iPhoneSimulator
		{8D2FE197-7DD0-47B5-BC9F-2D82A6684B66}.Debug|iPhone.ActiveCfg = Debug|iPhoneSimulator
		{8D2FE197-7DD0-47B5-BC9F-2D82A6684B66}.Debug|iPhoneSimulator.ActiveCfg = Debug|iPhoneSimulator
		{8D2FE197-7DD0-47B5-BC9F-2D82A6684B66}.Debug|iPhoneSimulator.Build.0 = Debug|iPhoneSimulator
		{8D2FE197-7DD0-47B5-BC9F-2D82A6684B66}.Debug|x64.ActiveCfg = Debug|iPhoneSimulator
		{8D2FE197-7DD0-47B5-BC9F-2D82A6684B66}.Debug|x86.ActiveCfg = Debug|iPhoneSimulator
		{8D2FE197-7DD0-47B5-BC9F-2D82A6684B66}.Release|Any CPU.ActiveCfg = Release|iPhoneSimulator
		{8D2FE197-7DD0-47B5-BC9F-2D82A6684B66}.Release|ARM.ActiveCfg = Release|iPhoneSimulator
		{8D2FE197-7DD0-47B5-BC9F-2D82A6684B66}.Release|ARM64.ActiveCfg = Release|iPhoneSimulator
		{8D2FE197-7DD0-47B5-BC9F-2D82A6684B66}.Release|iPhone.ActiveCfg = Release|iPhoneSimulator
		{8D2FE197-7DD0-47B5-BC9F-2D82A6684B66}.Release|iPhoneSimulator.ActiveCfg = Release|iPhoneSimulator
		{8D2FE197-7DD0-47B5-BC9F-2D82A6684B66}.Release|iPhoneSimulator.Build.0 = Release|iPhoneSimulator
		{8D2FE197-7DD0-47B5-BC9F-2D82A6684B66}.Release|x64.ActiveCfg = Release|iPhoneSimulator
		{8D2FE197-7DD0-47B5-BC9F-2D82A6684B66}.Release|x86.ActiveCfg = Release|iPhoneSimulator
		{E50FDEDB-8F20-40D9-8201-3BFCCB342B75}.Ad-Hoc|Any CPU.ActiveCfg = Debug|Any CPU
		{E50FDEDB-8F20-40D9-8201-3BFCCB342B75}.Ad-Hoc|Any CPU.Build.0 = Debug|Any CPU
		{E50FDEDB-8F20-40D9-8201-3BFCCB342B75}.Ad-Hoc|ARM.ActiveCfg = Debug|Any CPU
		{E50FDEDB-8F20-40D9-8201-3BFCCB342B75}.Ad-Hoc|ARM.Build.0 = Debug|Any CPU
		{E50FDEDB-8F20-40D9-8201-3BFCCB342B75}.Ad-Hoc|ARM64.ActiveCfg = Debug|Any CPU
		{E50FDEDB-8F20-40D9-8201-3BFCCB342B75}.Ad-Hoc|ARM64.Build.0 = Debug|Any CPU
		{E50FDEDB-8F20-40D9-8201-3BFCCB342B75}.Ad-Hoc|iPhone.ActiveCfg = Debug|Any CPU
		{E50FDEDB-8F20-40D9-8201-3BFCCB342B75}.Ad-Hoc|iPhone.Build.0 = Debug|Any CPU
		{E50FDEDB-8F20-40D9-8201-3BFCCB342B75}.Ad-Hoc|iPhoneSimulator.ActiveCfg = Debug|Any CPU
		{E50FDEDB-8F20-40D9-8201-3BFCCB342B75}.Ad-Hoc|iPhoneSimulator.Build.0 = Debug|Any CPU
		{E50FDEDB-8F20-40D9-8201-3BFCCB342B75}.Ad-Hoc|x64.ActiveCfg = Debug|Any CPU
		{E50FDEDB-8F20-40D9-8201-3BFCCB342B75}.Ad-Hoc|x64.Build.0 = Debug|Any CPU
		{E50FDEDB-8F20-40D9-8201-3BFCCB342B75}.Ad-Hoc|x86.ActiveCfg = Debug|Any CPU
		{E50FDEDB-8F20-40D9-8201-3BFCCB342B75}.Ad-Hoc|x86.Build.0 = Debug|Any CPU
		{E50FDEDB-8F20-40D9-8201-3BFCCB342B75}.AppStore|Any CPU.ActiveCfg = Debug|Any CPU
		{E50FDEDB-8F20-40D9-8201-3BFCCB342B75}.AppStore|Any CPU.Build.0 = Debug|Any CPU
		{E50FDEDB-8F20-40D9-8201-3BFCCB342B75}.AppStore|ARM.ActiveCfg = Debug|Any CPU
		{E50FDEDB-8F20-40D9-8201-3BFCCB342B75}.AppStore|ARM.Build.0 = Debug|Any CPU
		{E50FDEDB-8F20-40D9-8201-3BFCCB342B75}.AppStore|ARM64.ActiveCfg = Debug|Any CPU
		{E50FDEDB-8F20-40D9-8201-3BFCCB342B75}.AppStore|ARM64.Build.0 = Debug|Any CPU
		{E50FDEDB-8F20-40D9-8201-3BFCCB342B75}.AppStore|iPhone.ActiveCfg = Debug|Any CPU
		{E50FDEDB-8F20-40D9-8201-3BFCCB342B75}.AppStore|iPhone.Build.0 = Debug|Any CPU
		{E50FDEDB-8F20-40D9-8201-3BFCCB342B75}.AppStore|iPhoneSimulator.ActiveCfg = Debug|Any CPU
		{E50FDEDB-8F20-40D9-8201-3BFCCB342B75}.AppStore|iPhoneSimulator.Build.0 = Debug|Any CPU
		{E50FDEDB-8F20-40D9-8201-3BFCCB342B75}.AppStore|x64.ActiveCfg = Debug|Any CPU
		{E50FDEDB-8F20-40D9-8201-3BFCCB342B75}.AppStore|x64.Build.0 = Debug|Any CPU
		{E50FDEDB-8F20-40D9-8201-3BFCCB342B75}.AppStore|x86.ActiveCfg = Debug|Any CPU
		{E50FDEDB-8F20-40D9-8201-3BFCCB342B75}.AppStore|x86.Build.0 = Debug|Any CPU
		{E50FDEDB-8F20-40D9-8201-3BFCCB342B75}.Debug|Any CPU.ActiveCfg = Debug|Any CPU
		{E50FDEDB-8F20-40D9-8201-3BFCCB342B75}.Debug|Any CPU.Build.0 = Debug|Any CPU
		{E50FDEDB-8F20-40D9-8201-3BFCCB342B75}.Debug|ARM.ActiveCfg = Debug|Any CPU
		{E50FDEDB-8F20-40D9-8201-3BFCCB342B75}.Debug|ARM.Build.0 = Debug|Any CPU
		{E50FDEDB-8F20-40D9-8201-3BFCCB342B75}.Debug|ARM64.ActiveCfg = Debug|Any CPU
		{E50FDEDB-8F20-40D9-8201-3BFCCB342B75}.Debug|ARM64.Build.0 = Debug|Any CPU
		{E50FDEDB-8F20-40D9-8201-3BFCCB342B75}.Debug|iPhone.ActiveCfg = Debug|Any CPU
		{E50FDEDB-8F20-40D9-8201-3BFCCB342B75}.Debug|iPhone.Build.0 = Debug|Any CPU
		{E50FDEDB-8F20-40D9-8201-3BFCCB342B75}.Debug|iPhoneSimulator.ActiveCfg = Debug|Any CPU
		{E50FDEDB-8F20-40D9-8201-3BFCCB342B75}.Debug|iPhoneSimulator.Build.0 = Debug|Any CPU
		{E50FDEDB-8F20-40D9-8201-3BFCCB342B75}.Debug|x64.ActiveCfg = Debug|Any CPU
		{E50FDEDB-8F20-40D9-8201-3BFCCB342B75}.Debug|x64.Build.0 = Debug|Any CPU
		{E50FDEDB-8F20-40D9-8201-3BFCCB342B75}.Debug|x86.ActiveCfg = Debug|Any CPU
		{E50FDEDB-8F20-40D9-8201-3BFCCB342B75}.Debug|x86.Build.0 = Debug|Any CPU
		{E50FDEDB-8F20-40D9-8201-3BFCCB342B75}.Release|Any CPU.ActiveCfg = Release|Any CPU
		{E50FDEDB-8F20-40D9-8201-3BFCCB342B75}.Release|Any CPU.Build.0 = Release|Any CPU
		{E50FDEDB-8F20-40D9-8201-3BFCCB342B75}.Release|ARM.ActiveCfg = Release|Any CPU
		{E50FDEDB-8F20-40D9-8201-3BFCCB342B75}.Release|ARM.Build.0 = Release|Any CPU
		{E50FDEDB-8F20-40D9-8201-3BFCCB342B75}.Release|ARM64.ActiveCfg = Release|Any CPU
		{E50FDEDB-8F20-40D9-8201-3BFCCB342B75}.Release|ARM64.Build.0 = Release|Any CPU
		{E50FDEDB-8F20-40D9-8201-3BFCCB342B75}.Release|iPhone.ActiveCfg = Release|Any CPU
		{E50FDEDB-8F20-40D9-8201-3BFCCB342B75}.Release|iPhone.Build.0 = Release|Any CPU
		{E50FDEDB-8F20-40D9-8201-3BFCCB342B75}.Release|iPhoneSimulator.ActiveCfg = Release|Any CPU
		{E50FDEDB-8F20-40D9-8201-3BFCCB342B75}.Release|iPhoneSimulator.Build.0 = Release|Any CPU
		{E50FDEDB-8F20-40D9-8201-3BFCCB342B75}.Release|x64.ActiveCfg = Release|Any CPU
		{E50FDEDB-8F20-40D9-8201-3BFCCB342B75}.Release|x64.Build.0 = Release|Any CPU
		{E50FDEDB-8F20-40D9-8201-3BFCCB342B75}.Release|x86.ActiveCfg = Release|Any CPU
		{E50FDEDB-8F20-40D9-8201-3BFCCB342B75}.Release|x86.Build.0 = Release|Any CPU
		{31D03164-07F7-4F56-9127-8F2280209FB9}.Ad-Hoc|Any CPU.ActiveCfg = Debug|Any CPU
		{31D03164-07F7-4F56-9127-8F2280209FB9}.Ad-Hoc|Any CPU.Build.0 = Debug|Any CPU
		{31D03164-07F7-4F56-9127-8F2280209FB9}.Ad-Hoc|ARM.ActiveCfg = Debug|Any CPU
		{31D03164-07F7-4F56-9127-8F2280209FB9}.Ad-Hoc|ARM.Build.0 = Debug|Any CPU
		{31D03164-07F7-4F56-9127-8F2280209FB9}.Ad-Hoc|ARM64.ActiveCfg = Debug|Any CPU
		{31D03164-07F7-4F56-9127-8F2280209FB9}.Ad-Hoc|ARM64.Build.0 = Debug|Any CPU
		{31D03164-07F7-4F56-9127-8F2280209FB9}.Ad-Hoc|iPhone.ActiveCfg = Debug|Any CPU
		{31D03164-07F7-4F56-9127-8F2280209FB9}.Ad-Hoc|iPhone.Build.0 = Debug|Any CPU
		{31D03164-07F7-4F56-9127-8F2280209FB9}.Ad-Hoc|iPhoneSimulator.ActiveCfg = Debug|Any CPU
		{31D03164-07F7-4F56-9127-8F2280209FB9}.Ad-Hoc|iPhoneSimulator.Build.0 = Debug|Any CPU
		{31D03164-07F7-4F56-9127-8F2280209FB9}.Ad-Hoc|x64.ActiveCfg = Debug|Any CPU
		{31D03164-07F7-4F56-9127-8F2280209FB9}.Ad-Hoc|x64.Build.0 = Debug|Any CPU
		{31D03164-07F7-4F56-9127-8F2280209FB9}.Ad-Hoc|x86.ActiveCfg = Debug|Any CPU
		{31D03164-07F7-4F56-9127-8F2280209FB9}.Ad-Hoc|x86.Build.0 = Debug|Any CPU
		{31D03164-07F7-4F56-9127-8F2280209FB9}.AppStore|Any CPU.ActiveCfg = Debug|Any CPU
		{31D03164-07F7-4F56-9127-8F2280209FB9}.AppStore|Any CPU.Build.0 = Debug|Any CPU
		{31D03164-07F7-4F56-9127-8F2280209FB9}.AppStore|ARM.ActiveCfg = Debug|Any CPU
		{31D03164-07F7-4F56-9127-8F2280209FB9}.AppStore|ARM.Build.0 = Debug|Any CPU
		{31D03164-07F7-4F56-9127-8F2280209FB9}.AppStore|ARM64.ActiveCfg = Debug|Any CPU
		{31D03164-07F7-4F56-9127-8F2280209FB9}.AppStore|ARM64.Build.0 = Debug|Any CPU
		{31D03164-07F7-4F56-9127-8F2280209FB9}.AppStore|iPhone.ActiveCfg = Debug|Any CPU
		{31D03164-07F7-4F56-9127-8F2280209FB9}.AppStore|iPhone.Build.0 = Debug|Any CPU
		{31D03164-07F7-4F56-9127-8F2280209FB9}.AppStore|iPhoneSimulator.ActiveCfg = Debug|Any CPU
		{31D03164-07F7-4F56-9127-8F2280209FB9}.AppStore|iPhoneSimulator.Build.0 = Debug|Any CPU
		{31D03164-07F7-4F56-9127-8F2280209FB9}.AppStore|x64.ActiveCfg = Debug|Any CPU
		{31D03164-07F7-4F56-9127-8F2280209FB9}.AppStore|x64.Build.0 = Debug|Any CPU
		{31D03164-07F7-4F56-9127-8F2280209FB9}.AppStore|x86.ActiveCfg = Debug|Any CPU
		{31D03164-07F7-4F56-9127-8F2280209FB9}.AppStore|x86.Build.0 = Debug|Any CPU
		{31D03164-07F7-4F56-9127-8F2280209FB9}.Debug|Any CPU.ActiveCfg = Debug|Any CPU
		{31D03164-07F7-4F56-9127-8F2280209FB9}.Debug|Any CPU.Build.0 = Debug|Any CPU
		{31D03164-07F7-4F56-9127-8F2280209FB9}.Debug|ARM.ActiveCfg = Debug|Any CPU
		{31D03164-07F7-4F56-9127-8F2280209FB9}.Debug|ARM.Build.0 = Debug|Any CPU
		{31D03164-07F7-4F56-9127-8F2280209FB9}.Debug|ARM64.ActiveCfg = Debug|Any CPU
		{31D03164-07F7-4F56-9127-8F2280209FB9}.Debug|ARM64.Build.0 = Debug|Any CPU
		{31D03164-07F7-4F56-9127-8F2280209FB9}.Debug|iPhone.ActiveCfg = Debug|Any CPU
		{31D03164-07F7-4F56-9127-8F2280209FB9}.Debug|iPhone.Build.0 = Debug|Any CPU
		{31D03164-07F7-4F56-9127-8F2280209FB9}.Debug|iPhoneSimulator.ActiveCfg = Debug|Any CPU
		{31D03164-07F7-4F56-9127-8F2280209FB9}.Debug|iPhoneSimulator.Build.0 = Debug|Any CPU
		{31D03164-07F7-4F56-9127-8F2280209FB9}.Debug|x64.ActiveCfg = Debug|Any CPU
		{31D03164-07F7-4F56-9127-8F2280209FB9}.Debug|x64.Build.0 = Debug|Any CPU
		{31D03164-07F7-4F56-9127-8F2280209FB9}.Debug|x86.ActiveCfg = Debug|Any CPU
		{31D03164-07F7-4F56-9127-8F2280209FB9}.Debug|x86.Build.0 = Debug|Any CPU
		{31D03164-07F7-4F56-9127-8F2280209FB9}.Release|Any CPU.ActiveCfg = Release|Any CPU
		{31D03164-07F7-4F56-9127-8F2280209FB9}.Release|Any CPU.Build.0 = Release|Any CPU
		{31D03164-07F7-4F56-9127-8F2280209FB9}.Release|ARM.ActiveCfg = Release|Any CPU
		{31D03164-07F7-4F56-9127-8F2280209FB9}.Release|ARM.Build.0 = Release|Any CPU
		{31D03164-07F7-4F56-9127-8F2280209FB9}.Release|ARM64.ActiveCfg = Release|Any CPU
		{31D03164-07F7-4F56-9127-8F2280209FB9}.Release|ARM64.Build.0 = Release|Any CPU
		{31D03164-07F7-4F56-9127-8F2280209FB9}.Release|iPhone.ActiveCfg = Release|Any CPU
		{31D03164-07F7-4F56-9127-8F2280209FB9}.Release|iPhone.Build.0 = Release|Any CPU
		{31D03164-07F7-4F56-9127-8F2280209FB9}.Release|iPhoneSimulator.ActiveCfg = Release|Any CPU
		{31D03164-07F7-4F56-9127-8F2280209FB9}.Release|iPhoneSimulator.Build.0 = Release|Any CPU
		{31D03164-07F7-4F56-9127-8F2280209FB9}.Release|x64.ActiveCfg = Release|Any CPU
		{31D03164-07F7-4F56-9127-8F2280209FB9}.Release|x64.Build.0 = Release|Any CPU
		{31D03164-07F7-4F56-9127-8F2280209FB9}.Release|x86.ActiveCfg = Release|Any CPU
		{31D03164-07F7-4F56-9127-8F2280209FB9}.Release|x86.Build.0 = Release|Any CPU
		{41EE445A-1340-4C65-9DBB-1BD8F45BEBA0}.Ad-Hoc|Any CPU.ActiveCfg = Debug|Any CPU
		{41EE445A-1340-4C65-9DBB-1BD8F45BEBA0}.Ad-Hoc|Any CPU.Build.0 = Debug|Any CPU
		{41EE445A-1340-4C65-9DBB-1BD8F45BEBA0}.Ad-Hoc|ARM.ActiveCfg = Debug|Any CPU
		{41EE445A-1340-4C65-9DBB-1BD8F45BEBA0}.Ad-Hoc|ARM.Build.0 = Debug|Any CPU
		{41EE445A-1340-4C65-9DBB-1BD8F45BEBA0}.Ad-Hoc|ARM64.ActiveCfg = Debug|Any CPU
		{41EE445A-1340-4C65-9DBB-1BD8F45BEBA0}.Ad-Hoc|ARM64.Build.0 = Debug|Any CPU
		{41EE445A-1340-4C65-9DBB-1BD8F45BEBA0}.Ad-Hoc|iPhone.ActiveCfg = Debug|Any CPU
		{41EE445A-1340-4C65-9DBB-1BD8F45BEBA0}.Ad-Hoc|iPhone.Build.0 = Debug|Any CPU
		{41EE445A-1340-4C65-9DBB-1BD8F45BEBA0}.Ad-Hoc|iPhoneSimulator.ActiveCfg = Debug|Any CPU
		{41EE445A-1340-4C65-9DBB-1BD8F45BEBA0}.Ad-Hoc|iPhoneSimulator.Build.0 = Debug|Any CPU
		{41EE445A-1340-4C65-9DBB-1BD8F45BEBA0}.Ad-Hoc|x64.ActiveCfg = Debug|Any CPU
		{41EE445A-1340-4C65-9DBB-1BD8F45BEBA0}.Ad-Hoc|x64.Build.0 = Debug|Any CPU
		{41EE445A-1340-4C65-9DBB-1BD8F45BEBA0}.Ad-Hoc|x86.ActiveCfg = Debug|Any CPU
		{41EE445A-1340-4C65-9DBB-1BD8F45BEBA0}.Ad-Hoc|x86.Build.0 = Debug|Any CPU
		{41EE445A-1340-4C65-9DBB-1BD8F45BEBA0}.AppStore|Any CPU.ActiveCfg = Debug|Any CPU
		{41EE445A-1340-4C65-9DBB-1BD8F45BEBA0}.AppStore|Any CPU.Build.0 = Debug|Any CPU
		{41EE445A-1340-4C65-9DBB-1BD8F45BEBA0}.AppStore|ARM.ActiveCfg = Debug|Any CPU
		{41EE445A-1340-4C65-9DBB-1BD8F45BEBA0}.AppStore|ARM.Build.0 = Debug|Any CPU
		{41EE445A-1340-4C65-9DBB-1BD8F45BEBA0}.AppStore|ARM64.ActiveCfg = Debug|Any CPU
		{41EE445A-1340-4C65-9DBB-1BD8F45BEBA0}.AppStore|ARM64.Build.0 = Debug|Any CPU
		{41EE445A-1340-4C65-9DBB-1BD8F45BEBA0}.AppStore|iPhone.ActiveCfg = Debug|Any CPU
		{41EE445A-1340-4C65-9DBB-1BD8F45BEBA0}.AppStore|iPhone.Build.0 = Debug|Any CPU
		{41EE445A-1340-4C65-9DBB-1BD8F45BEBA0}.AppStore|iPhoneSimulator.ActiveCfg = Debug|Any CPU
		{41EE445A-1340-4C65-9DBB-1BD8F45BEBA0}.AppStore|iPhoneSimulator.Build.0 = Debug|Any CPU
		{41EE445A-1340-4C65-9DBB-1BD8F45BEBA0}.AppStore|x64.ActiveCfg = Debug|Any CPU
		{41EE445A-1340-4C65-9DBB-1BD8F45BEBA0}.AppStore|x64.Build.0 = Debug|Any CPU
		{41EE445A-1340-4C65-9DBB-1BD8F45BEBA0}.AppStore|x86.ActiveCfg = Debug|Any CPU
		{41EE445A-1340-4C65-9DBB-1BD8F45BEBA0}.AppStore|x86.Build.0 = Debug|Any CPU
		{41EE445A-1340-4C65-9DBB-1BD8F45BEBA0}.Debug|Any CPU.ActiveCfg = Debug|Any CPU
		{41EE445A-1340-4C65-9DBB-1BD8F45BEBA0}.Debug|Any CPU.Build.0 = Debug|Any CPU
		{41EE445A-1340-4C65-9DBB-1BD8F45BEBA0}.Debug|ARM.ActiveCfg = Debug|Any CPU
		{41EE445A-1340-4C65-9DBB-1BD8F45BEBA0}.Debug|ARM.Build.0 = Debug|Any CPU
		{41EE445A-1340-4C65-9DBB-1BD8F45BEBA0}.Debug|ARM64.ActiveCfg = Debug|Any CPU
		{41EE445A-1340-4C65-9DBB-1BD8F45BEBA0}.Debug|ARM64.Build.0 = Debug|Any CPU
		{41EE445A-1340-4C65-9DBB-1BD8F45BEBA0}.Debug|iPhone.ActiveCfg = Debug|Any CPU
		{41EE445A-1340-4C65-9DBB-1BD8F45BEBA0}.Debug|iPhone.Build.0 = Debug|Any CPU
		{41EE445A-1340-4C65-9DBB-1BD8F45BEBA0}.Debug|iPhoneSimulator.ActiveCfg = Debug|Any CPU
		{41EE445A-1340-4C65-9DBB-1BD8F45BEBA0}.Debug|iPhoneSimulator.Build.0 = Debug|Any CPU
		{41EE445A-1340-4C65-9DBB-1BD8F45BEBA0}.Debug|x64.ActiveCfg = Debug|Any CPU
		{41EE445A-1340-4C65-9DBB-1BD8F45BEBA0}.Debug|x64.Build.0 = Debug|Any CPU
		{41EE445A-1340-4C65-9DBB-1BD8F45BEBA0}.Debug|x86.ActiveCfg = Debug|Any CPU
		{41EE445A-1340-4C65-9DBB-1BD8F45BEBA0}.Debug|x86.Build.0 = Debug|Any CPU
		{41EE445A-1340-4C65-9DBB-1BD8F45BEBA0}.Release|Any CPU.ActiveCfg = Release|Any CPU
		{41EE445A-1340-4C65-9DBB-1BD8F45BEBA0}.Release|Any CPU.Build.0 = Release|Any CPU
		{41EE445A-1340-4C65-9DBB-1BD8F45BEBA0}.Release|ARM.ActiveCfg = Release|Any CPU
		{41EE445A-1340-4C65-9DBB-1BD8F45BEBA0}.Release|ARM.Build.0 = Release|Any CPU
		{41EE445A-1340-4C65-9DBB-1BD8F45BEBA0}.Release|ARM64.ActiveCfg = Release|Any CPU
		{41EE445A-1340-4C65-9DBB-1BD8F45BEBA0}.Release|ARM64.Build.0 = Release|Any CPU
		{41EE445A-1340-4C65-9DBB-1BD8F45BEBA0}.Release|iPhone.ActiveCfg = Release|Any CPU
		{41EE445A-1340-4C65-9DBB-1BD8F45BEBA0}.Release|iPhone.Build.0 = Release|Any CPU
		{41EE445A-1340-4C65-9DBB-1BD8F45BEBA0}.Release|iPhoneSimulator.ActiveCfg = Release|Any CPU
		{41EE445A-1340-4C65-9DBB-1BD8F45BEBA0}.Release|iPhoneSimulator.Build.0 = Release|Any CPU
		{41EE445A-1340-4C65-9DBB-1BD8F45BEBA0}.Release|x64.ActiveCfg = Release|Any CPU
		{41EE445A-1340-4C65-9DBB-1BD8F45BEBA0}.Release|x64.Build.0 = Release|Any CPU
		{41EE445A-1340-4C65-9DBB-1BD8F45BEBA0}.Release|x86.ActiveCfg = Release|Any CPU
		{41EE445A-1340-4C65-9DBB-1BD8F45BEBA0}.Release|x86.Build.0 = Release|Any CPU
		{F4AFAD53-936A-4354-80BE-CB0767EAC582}.Ad-Hoc|Any CPU.ActiveCfg = Debug|Any CPU
		{F4AFAD53-936A-4354-80BE-CB0767EAC582}.Ad-Hoc|Any CPU.Build.0 = Debug|Any CPU
		{F4AFAD53-936A-4354-80BE-CB0767EAC582}.Ad-Hoc|ARM.ActiveCfg = Debug|Any CPU
		{F4AFAD53-936A-4354-80BE-CB0767EAC582}.Ad-Hoc|ARM.Build.0 = Debug|Any CPU
		{F4AFAD53-936A-4354-80BE-CB0767EAC582}.Ad-Hoc|ARM64.ActiveCfg = Debug|Any CPU
		{F4AFAD53-936A-4354-80BE-CB0767EAC582}.Ad-Hoc|ARM64.Build.0 = Debug|Any CPU
		{F4AFAD53-936A-4354-80BE-CB0767EAC582}.Ad-Hoc|iPhone.ActiveCfg = Debug|Any CPU
		{F4AFAD53-936A-4354-80BE-CB0767EAC582}.Ad-Hoc|iPhone.Build.0 = Debug|Any CPU
		{F4AFAD53-936A-4354-80BE-CB0767EAC582}.Ad-Hoc|iPhoneSimulator.ActiveCfg = Debug|Any CPU
		{F4AFAD53-936A-4354-80BE-CB0767EAC582}.Ad-Hoc|iPhoneSimulator.Build.0 = Debug|Any CPU
		{F4AFAD53-936A-4354-80BE-CB0767EAC582}.Ad-Hoc|x64.ActiveCfg = Debug|Any CPU
		{F4AFAD53-936A-4354-80BE-CB0767EAC582}.Ad-Hoc|x64.Build.0 = Debug|Any CPU
		{F4AFAD53-936A-4354-80BE-CB0767EAC582}.Ad-Hoc|x86.ActiveCfg = Debug|Any CPU
		{F4AFAD53-936A-4354-80BE-CB0767EAC582}.Ad-Hoc|x86.Build.0 = Debug|Any CPU
		{F4AFAD53-936A-4354-80BE-CB0767EAC582}.AppStore|Any CPU.ActiveCfg = Debug|Any CPU
		{F4AFAD53-936A-4354-80BE-CB0767EAC582}.AppStore|Any CPU.Build.0 = Debug|Any CPU
		{F4AFAD53-936A-4354-80BE-CB0767EAC582}.AppStore|ARM.ActiveCfg = Debug|Any CPU
		{F4AFAD53-936A-4354-80BE-CB0767EAC582}.AppStore|ARM.Build.0 = Debug|Any CPU
		{F4AFAD53-936A-4354-80BE-CB0767EAC582}.AppStore|ARM64.ActiveCfg = Debug|Any CPU
		{F4AFAD53-936A-4354-80BE-CB0767EAC582}.AppStore|ARM64.Build.0 = Debug|Any CPU
		{F4AFAD53-936A-4354-80BE-CB0767EAC582}.AppStore|iPhone.ActiveCfg = Debug|Any CPU
		{F4AFAD53-936A-4354-80BE-CB0767EAC582}.AppStore|iPhone.Build.0 = Debug|Any CPU
		{F4AFAD53-936A-4354-80BE-CB0767EAC582}.AppStore|iPhoneSimulator.ActiveCfg = Debug|Any CPU
		{F4AFAD53-936A-4354-80BE-CB0767EAC582}.AppStore|iPhoneSimulator.Build.0 = Debug|Any CPU
		{F4AFAD53-936A-4354-80BE-CB0767EAC582}.AppStore|x64.ActiveCfg = Debug|Any CPU
		{F4AFAD53-936A-4354-80BE-CB0767EAC582}.AppStore|x64.Build.0 = Debug|Any CPU
		{F4AFAD53-936A-4354-80BE-CB0767EAC582}.AppStore|x86.ActiveCfg = Debug|Any CPU
		{F4AFAD53-936A-4354-80BE-CB0767EAC582}.AppStore|x86.Build.0 = Debug|Any CPU
		{F4AFAD53-936A-4354-80BE-CB0767EAC582}.Debug|Any CPU.ActiveCfg = Debug|Any CPU
		{F4AFAD53-936A-4354-80BE-CB0767EAC582}.Debug|Any CPU.Build.0 = Debug|Any CPU
		{F4AFAD53-936A-4354-80BE-CB0767EAC582}.Debug|ARM.ActiveCfg = Debug|Any CPU
		{F4AFAD53-936A-4354-80BE-CB0767EAC582}.Debug|ARM.Build.0 = Debug|Any CPU
		{F4AFAD53-936A-4354-80BE-CB0767EAC582}.Debug|ARM64.ActiveCfg = Debug|Any CPU
		{F4AFAD53-936A-4354-80BE-CB0767EAC582}.Debug|ARM64.Build.0 = Debug|Any CPU
		{F4AFAD53-936A-4354-80BE-CB0767EAC582}.Debug|iPhone.ActiveCfg = Debug|Any CPU
		{F4AFAD53-936A-4354-80BE-CB0767EAC582}.Debug|iPhone.Build.0 = Debug|Any CPU
		{F4AFAD53-936A-4354-80BE-CB0767EAC582}.Debug|iPhoneSimulator.ActiveCfg = Debug|Any CPU
		{F4AFAD53-936A-4354-80BE-CB0767EAC582}.Debug|iPhoneSimulator.Build.0 = Debug|Any CPU
		{F4AFAD53-936A-4354-80BE-CB0767EAC582}.Debug|x64.ActiveCfg = Debug|Any CPU
		{F4AFAD53-936A-4354-80BE-CB0767EAC582}.Debug|x64.Build.0 = Debug|Any CPU
		{F4AFAD53-936A-4354-80BE-CB0767EAC582}.Debug|x86.ActiveCfg = Debug|Any CPU
		{F4AFAD53-936A-4354-80BE-CB0767EAC582}.Debug|x86.Build.0 = Debug|Any CPU
		{F4AFAD53-936A-4354-80BE-CB0767EAC582}.Release|Any CPU.ActiveCfg = Release|Any CPU
		{F4AFAD53-936A-4354-80BE-CB0767EAC582}.Release|Any CPU.Build.0 = Release|Any CPU
		{F4AFAD53-936A-4354-80BE-CB0767EAC582}.Release|ARM.ActiveCfg = Release|Any CPU
		{F4AFAD53-936A-4354-80BE-CB0767EAC582}.Release|ARM.Build.0 = Release|Any CPU
		{F4AFAD53-936A-4354-80BE-CB0767EAC582}.Release|ARM64.ActiveCfg = Release|Any CPU
		{F4AFAD53-936A-4354-80BE-CB0767EAC582}.Release|ARM64.Build.0 = Release|Any CPU
		{F4AFAD53-936A-4354-80BE-CB0767EAC582}.Release|iPhone.ActiveCfg = Release|Any CPU
		{F4AFAD53-936A-4354-80BE-CB0767EAC582}.Release|iPhone.Build.0 = Release|Any CPU
		{F4AFAD53-936A-4354-80BE-CB0767EAC582}.Release|iPhoneSimulator.ActiveCfg = Release|Any CPU
		{F4AFAD53-936A-4354-80BE-CB0767EAC582}.Release|iPhoneSimulator.Build.0 = Release|Any CPU
		{F4AFAD53-936A-4354-80BE-CB0767EAC582}.Release|x64.ActiveCfg = Release|Any CPU
		{F4AFAD53-936A-4354-80BE-CB0767EAC582}.Release|x64.Build.0 = Release|Any CPU
		{F4AFAD53-936A-4354-80BE-CB0767EAC582}.Release|x86.ActiveCfg = Release|Any CPU
		{F4AFAD53-936A-4354-80BE-CB0767EAC582}.Release|x86.Build.0 = Release|Any CPU
	EndGlobalSection
	GlobalSection(SolutionProperties) = preSolution
		HideSolutionNode = FALSE
	EndGlobalSection
	GlobalSection(NestedProjects) = preSolution
		{665680CD-DAC4-4263-9883-1F7D3FE73BB7} = {4B83DCB5-F467-459C-9FF9-DD1BFF1B530E}
		{4E84C8FD-CFBB-41C3-916A-578A11BD6CF0} = {4B83DCB5-F467-459C-9FF9-DD1BFF1B530E}
		{6DEBA698-D1D7-421B-B14A-17E7FBD167CB} = {4B83DCB5-F467-459C-9FF9-DD1BFF1B530E}
		{91A13B61-EAEF-4C12-95A2-06FF128967CF} = {4B83DCB5-F467-459C-9FF9-DD1BFF1B530E}
		{8D2FE197-7DD0-47B5-BC9F-2D82A6684B66} = {4B83DCB5-F467-459C-9FF9-DD1BFF1B530E}
		{E50FDEDB-8F20-40D9-8201-3BFCCB342B75} = {4B83DCB5-F467-459C-9FF9-DD1BFF1B530E}
		{31D03164-07F7-4F56-9127-8F2280209FB9} = {4B83DCB5-F467-459C-9FF9-DD1BFF1B530E}
		{41EE445A-1340-4C65-9DBB-1BD8F45BEBA0} = {4B83DCB5-F467-459C-9FF9-DD1BFF1B530E}
		{F4AFAD53-936A-4354-80BE-CB0767EAC582} = {4B83DCB5-F467-459C-9FF9-DD1BFF1B530E}
	EndGlobalSection
	GlobalSection(ExtensibilityGlobals) = postSolution
		SolutionGuid = {F83DD86D-810F-40A0-ABD6-622D42AC963C}
	EndGlobalSection
EndGlobal
